
Microsoft Visual Studio Solution File, Format Version 12.00
# Visual Studio Version 17
VisualStudioVersion = 17.11.35222.181
MinimumVisualStudioVersion = 10.0.40219.1
Project("{FAE04EC0-301F-11D3-BF4B-00C04F79EFBC}") = "BlazorApp", "BlazorApp\BlazorApp.csproj", "{0AAAE908-7100-420B-96F0-0B5DA9FD0DC9}"
EndProject
Project("{FAE04EC0-301F-11D3-BF4B-00C04F79EFBC}") = "FronEndApi", "FronEndApi\FronEndApi.csproj", "{0C4E617E-D914-45DE-9ECE-BE79EFD21CEE}"
EndProject
Project("{FAE04EC0-301F-11D3-BF4B-00C04F79EFBC}") = "API2", "API2\API2.csproj", "{F2CF8564-EE59-4F93-9B22-96A10C70D8A2}"
EndProject
Project("{FAE04EC0-301F-11D3-BF4B-00C04F79EFBC}") = "API3", "API3\API3.csproj", "{6BDAC424-0808-4836-9508-D812A6296070}"
EndProject
Global
	GlobalSection(SolutionConfigurationPlatforms) = preSolution
		Debug|Any CPU = Debug|Any CPU
		Release|Any CPU = Release|Any CPU
	EndGlobalSection
	GlobalSection(ProjectConfigurationPlatforms) = postSolution
		{0AAAE908-7100-420B-96F0-0B5DA9FD0DC9}.Debug|Any CPU.ActiveCfg = Debug|Any CPU
		{0AAAE908-7100-420B-96F0-0B5DA9FD0DC9}.Debug|Any CPU.Build.0 = Debug|Any CPU
		{0AAAE908-7100-420B-96F0-0B5DA9FD0DC9}.Release|Any CPU.ActiveCfg = Release|Any CPU
		{0AAAE908-7100-420B-96F0-0B5DA9FD0DC9}.Release|Any CPU.Build.0 = Release|Any CPU
		{0C4E617E-D914-45DE-9ECE-BE79EFD21CEE}.Debug|Any CPU.ActiveCfg = Debug|Any CPU
		{0C4E617E-D914-45DE-9ECE-BE79EFD21CEE}.Debug|Any CPU.Build.0 = Debug|Any CPU
		{0C4E617E-D914-45DE-9ECE-BE79EFD21CEE}.Release|Any CPU.ActiveCfg = Release|Any CPU
		{0C4E617E-D914-45DE-9ECE-BE79EFD21CEE}.Release|Any CPU.Build.0 = Release|Any CPU
		{F2CF8564-EE59-4F93-9B22-96A10C70D8A2}.Debug|Any CPU.ActiveCfg = Debug|Any CPU
		{F2CF8564-EE59-4F93-9B22-96A10C70D8A2}.Debug|Any CPU.Build.0 = Debug|Any CPU
		{F2CF8564-EE59-4F93-9B22-96A10C70D8A2}.Release|Any CPU.ActiveCfg = Release|Any CPU
		{F2CF8564-EE59-4F93-9B22-96A10C70D8A2}.Release|Any CPU.Build.0 = Release|Any CPU
		{6BDAC424-0808-4836-9508-D812A6296070}.Debug|Any CPU.ActiveCfg = Debug|Any CPU
		{6BDAC424-0808-4836-9508-D812A6296070}.Debug|Any CPU.Build.0 = Debug|Any CPU
		{6BDAC424-0808-4836-9508-D812A6296070}.Release|Any CPU.ActiveCfg = Release|Any CPU
		{6BDAC424-0808-4836-9508-D812A6296070}.Release|Any CPU.Build.0 = Release|Any CPU
	EndGlobalSection
	GlobalSection(SolutionProperties) = preSolution
		HideSolutionNode = FALSE
	EndGlobalSection
	GlobalSection(ExtensibilityGlobals) = postSolution
		SolutionGuid = {673CB3C6-5597-43A3-977F-A35747F8EB43}
	EndGlobalSection
EndGlobal
